{
  "name": "bedrockws",
  "version": "1.0.0",
  "lockfileVersion": 1,
  "requires": true,
  "dependencies": {
    "async-limiter": {
      "version": "https://registry.npmjs.org/async-limiter/-/async-limiter-1.0.0.tgz",
      "integrity": "sha1-ePrtjD0HSrgfIrTphdeehzj3IPg="
    },
    "safe-buffer": {
      "version": "https://registry.npmjs.org/safe-buffer/-/safe-buffer-5.1.1.tgz",
      "integrity": "sha1-iTMSr2myEj3vcfV4iQAWce6yyFM="
    },
    "ultron": {
      "version": "https://registry.npmjs.org/ultron/-/ultron-1.1.0.tgz",
      "integrity": "sha1-sHoualQagV/Go0zNRTO67DB8qGQ="
    },
    "uuid": {
      "version": "3.1.0",
      "resolved": "https://registry.npmjs.org/uuid/-/uuid-3.1.0.tgz",
      "integrity": "sha512-DIWtzUkw04M4k3bf1IcpS2tngXEL26YUD2M0tMDUpnUrz2hgzUBlD55a4FjdLGPvfHxS6uluGWvaVEqgBcVa+g=="
    },
    "ws": {
      "version": "https://registry.npmjs.org/ws/-/ws-3.2.0.tgz",
      "integrity": "sha1-1dPWsRr/cec/gI9AzGnVK7bUoYU=",
      "requires": {
        "async-limiter": "https://registry.npmjs.org/async-limiter/-/async-limiter-1.0.0.tgz",
        "safe-buffer": "https://registry.npmjs.org/safe-buffer/-/safe-buffer-5.1.1.tgz",
        "ultron": "https://registry.npmjs.org/ultron/-/ultron-1.1.0.tgz"
      }
    }
  }
}
